
Microsoft Visual Studio Solution File, Format Version 12.00
# Visual Studio Version 16
VisualStudioVersion = 16.0.29709.97
MinimumVisualStudioVersion = 10.0.40219.1
Project("{FAE04EC0-301F-11D3-BF4B-00C04F79EFBC}") = "TacoScript", "TacoScript.csproj", "{30258A65-4AF6-4736-BCCC-064D247363C3}"
EndProject
Project("{FAE04EC0-301F-11D3-BF4B-00C04F79EFBC}") = "Libs", "..\Libs\Libs.csproj", "{A2450AD2-9B10-48F1-8F04-EE275DD7B56F}"
EndProject
Global
	GlobalSection(SolutionConfigurationPlatforms) = preSolution
		Debug|Any CPU = Debug|Any CPU
		Release|Any CPU = Release|Any CPU
	EndGlobalSection
	GlobalSection(ProjectConfigurationPlatforms) = postSolution
		{30258A65-4AF6-4736-BCCC-064D247363C3}.Debug|Any CPU.ActiveCfg = Debug|Any CPU
		{30258A65-4AF6-4736-BCCC-064D247363C3}.Debug|Any CPU.Build.0 = Debug|Any CPU
		{30258A65-4AF6-4736-BCCC-064D247363C3}.Release|Any CPU.ActiveCfg = Release|Any CPU
		{30258A65-4AF6-4736-BCCC-064D247363C3}.Release|Any CPU.Build.0 = Release|Any CPU
		{A2450AD2-9B10-48F1-8F04-EE275DD7B56F}.Debug|Any CPU.ActiveCfg = Debug|Any CPU
		{A2450AD2-9B10-48F1-8F04-EE275DD7B56F}.Debug|Any CPU.Build.0 = Debug|Any CPU
		{A2450AD2-9B10-48F1-8F04-EE275DD7B56F}.Release|Any CPU.ActiveCfg = Release|Any CPU
		{A2450AD2-9B10-48F1-8F04-EE275DD7B56F}.Release|Any CPU.Build.0 = Release|Any CPU
	EndGlobalSection
	GlobalSection(SolutionProperties) = preSolution
		HideSolutionNode = FALSE
	EndGlobalSection
	GlobalSection(ExtensibilityGlobals) = postSolution
		SolutionGuid = {F18265DC-0C98-422C-B9ED-91FBD4C1C8B3}
	EndGlobalSection
EndGlobal
